
Microsoft Visual Studio Solution File, Format Version 11.00
# Visual Studio 2010
Project("{82787046-B916-F269-9417-933E050BBBFE}") = "Strategy_RPG", "Assembly-UnityScript.unityproj", "{2DEA8EB8-CA63-0F0C-6F9B-593871526976}"
EndProject
Global
	GlobalSection(SolutionConfigurationPlatforms) = preSolution
		Debug|Any CPU = Debug|Any CPU
		Release|Any CPU = Release|Any CPU
	EndGlobalSection
	GlobalSection(ProjectConfigurationPlatforms) = postSolution
		{2DEA8EB8-CA63-0F0C-6F9B-593871526976}.Debug|Any CPU.ActiveCfg = Debug|Any CPU
		{2DEA8EB8-CA63-0F0C-6F9B-593871526976}.Debug|Any CPU.Build.0 = Debug|Any CPU
		{2DEA8EB8-CA63-0F0C-6F9B-593871526976}.Release|Any CPU.ActiveCfg = Release|Any CPU
		{2DEA8EB8-CA63-0F0C-6F9B-593871526976}.Release|Any CPU.Build.0 = Release|Any CPU
	EndGlobalSection
	GlobalSection(SolutionProperties) = preSolution
		HideSolutionNode = FALSE
	EndGlobalSection
	GlobalSection(MonoDevelopProperties) = preSolution
		StartupItem = Assembly-CSharp.csproj
	EndGlobalSection
EndGlobal
